
Microsoft Visual Studio Solution File, Format Version 12.00
# Visual Studio 15
VisualStudioVersion = 15.0.27703.2047
MinimumVisualStudioVersion = 10.0.40219.1
Project("{FAE04EC0-301F-11D3-BF4B-00C04F79EFBC}") = "Shutdown app", "Shutdown app\Shutdown app.csproj", "{F4D8C3BD-DBC4-4294-9A70-0322D07B35D8}"
EndProject
Project("{FAE04EC0-301F-11D3-BF4B-00C04F79EFBC}") = "ShutdownTimer", "ShutdownTimer\ShutdownTimer.csproj", "{23C5E2E9-02B5-4F1E-9CE7-58845B599D58}"
EndProject
Global
	GlobalSection(SolutionConfigurationPlatforms) = preSolution
		Debug|Any CPU = Debug|Any CPU
		Release|Any CPU = Release|Any CPU
	EndGlobalSection
	GlobalSection(ProjectConfigurationPlatforms) = postSolution
		{F4D8C3BD-DBC4-4294-9A70-0322D07B35D8}.Debug|Any CPU.ActiveCfg = Debug|Any CPU
		{F4D8C3BD-DBC4-4294-9A70-0322D07B35D8}.Debug|Any CPU.Build.0 = Debug|Any CPU
		{F4D8C3BD-DBC4-4294-9A70-0322D07B35D8}.Release|Any CPU.ActiveCfg = Release|Any CPU
		{F4D8C3BD-DBC4-4294-9A70-0322D07B35D8}.Release|Any CPU.Build.0 = Release|Any CPU
		{23C5E2E9-02B5-4F1E-9CE7-58845B599D58}.Debug|Any CPU.ActiveCfg = Debug|Any CPU
		{23C5E2E9-02B5-4F1E-9CE7-58845B599D58}.Debug|Any CPU.Build.0 = Debug|Any CPU
		{23C5E2E9-02B5-4F1E-9CE7-58845B599D58}.Release|Any CPU.ActiveCfg = Release|Any CPU
		{23C5E2E9-02B5-4F1E-9CE7-58845B599D58}.Release|Any CPU.Build.0 = Release|Any CPU
	EndGlobalSection
	GlobalSection(SolutionProperties) = preSolution
		HideSolutionNode = FALSE
	EndGlobalSection
	GlobalSection(ExtensibilityGlobals) = postSolution
		SolutionGuid = {87F9A075-31D5-48F9-9035-9406BFD95CCB}
	EndGlobalSection
EndGlobal
